
Microsoft Visual Studio Solution File, Format Version 12.00
# Visual Studio Version 17
VisualStudioVersion = 17.6.33815.320
MinimumVisualStudioVersion = 10.0.40219.1
Project("{FAE04EC0-301F-11D3-BF4B-00C04F79EFBC}") = "TestLegacyWebApp", "TestLegacyWebApp.csproj", "{31AFB941-6BF5-42A7-8932-7E2497F0BD49}"
EndProject
Global
	GlobalSection(SolutionConfigurationPlatforms) = preSolution
		Debug|Any CPU = Debug|Any CPU
		Release|Any CPU = Release|Any CPU
	EndGlobalSection
	GlobalSection(ProjectConfigurationPlatforms) = postSolution
		{31AFB941-6BF5-42A7-8932-7E2497F0BD49}.Debug|Any CPU.ActiveCfg = Debug|Any CPU
		{31AFB941-6BF5-42A7-8932-7E2497F0BD49}.Debug|Any CPU.Build.0 = Debug|Any CPU
		{31AFB941-6BF5-42A7-8932-7E2497F0BD49}.Release|Any CPU.ActiveCfg = Release|Any CPU
		{31AFB941-6BF5-42A7-8932-7E2497F0BD49}.Release|Any CPU.Build.0 = Release|Any CPU
	EndGlobalSection
	GlobalSection(SolutionProperties) = preSolution
		HideSolutionNode = FALSE
	EndGlobalSection
	GlobalSection(ExtensibilityGlobals) = postSolution
		SolutionGuid = {0438F0A6-8BDD-453E-9DB1-9C1761E57DAF}
	EndGlobalSection
EndGlobal
